<?xml version="1.0" encoding="utf-8"?>
<Project ToolsVersion="4.0" xmlns="http://schemas.microsoft.com/developer/msbuild/2003">
  <ItemGroup>
    <ClCompile Include="[BOJ_1786]찾기.cpp">
      <Filter>StringSearching</Filter>
    </ClCompile>
    <ClCompile Include="[BOJ_1305]광고.cpp">
      <Filter>StringSearching</Filter>
    </ClCompile>
    <ClCompile Include="[BOJ_1701]Cubeditor.cpp">
      <Filter>StringSearching</Filter>
    </ClCompile>
    <ClCompile Include="[BOJ_15649]N과 M(1).cpp">
      <Filter>BrutetForce\NandM</Filter>
    </ClCompile>
    <ClCompile Include="[BOJ_15650]N과 M(2).cpp">
      <Filter>BrutetForce\NandM</Filter>
    </ClCompile>
    <ClCompile Include="[BOJ_15651]N과 M(3).cpp">
      <Filter>BrutetForce\NandM</Filter>
    </ClCompile>
    <ClCompile Include="[BOJ_15652]N과 M(4).cpp">
      <Filter>BrutetForce\NandM</Filter>
    </ClCompile>
    <ClCompile Include="[BOJ_15654]N과 M(5).cpp">
      <Filter>BrutetForce\NandM</Filter>
    </ClCompile>
    <ClCompile Include="[BOJ_15655]N과 M(6).cpp">
      <Filter>BrutetForce\NandM</Filter>
    </ClCompile>
    <ClCompile Include="[BOJ_15656]N과 M(7).cpp">
      <Filter>BrutetForce\NandM</Filter>
    </ClCompile>
    <ClCompile Include="[BOJ_15657]N과 M(8).cpp">
      <Filter>BrutetForce\NandM</Filter>
    </ClCompile>
    <ClCompile Include="[BOJ_15663]N과 M(9).cpp">
      <Filter>BrutetForce\NandM</Filter>
    </ClCompile>
    <ClCompile Include="[BOJ_15664]N과 M(10).cpp">
      <Filter>BrutetForce\NandM</Filter>
    </ClCompile>
    <ClCompile Include="[BOJ_15665]N과 M(11).cpp">
      <Filter>BrutetForce\NandM</Filter>
    </ClCompile>
    <ClCompile Include="[BOJ_15666]N과 M(12).cpp">
      <Filter>BrutetForce\NandM</Filter>
    </ClCompile>
    <ClCompile Include="[BOJ_17471]게리맨더링.cpp">
      <Filter>BFS</Filter>
    </ClCompile>
    <ClCompile Include="[BOJ_16916]부분 문자열.cpp">
      <Filter>StringSearching</Filter>
    </ClCompile>
    <ClCompile Include="[BOJ_14425]문자열 집합.cpp">
      <Filter>StringSearching</Filter>
    </ClCompile>
    <ClCompile Include="[BOJ_16968]차량 번호판 1.cpp">
      <Filter>BrutetForce</Filter>
    </ClCompile>
    <ClCompile Include="[BOJ_14391]종이 조각.cpp">
      <Filter>BrutetForce</Filter>
    </ClCompile>
    <ClCompile Include="[BOJ_16917]양념 반 후라이드 반.cpp">
      <Filter>BrutetForce</Filter>
    </ClCompile>
    <ClCompile Include="[BOJ_16922]로마 숫자 만들기.cpp">
      <Filter>BrutetForce</Filter>
    </ClCompile>
    <ClCompile Include="[BOJ_9935]문자열 폭발.cpp">
      <Filter>DataInstuction</Filter>
    </ClCompile>
    <ClCompile Include="[BOJ_4358]생태학.cpp">
      <Filter>StringSearching</Filter>
    </ClCompile>
    <ClCompile Include="[BOJ_5052]전화번호 목록.cpp">
      <Filter>StringSearching</Filter>
    </ClCompile>
    <ClCompile Include="[BOJ_5670]휴대폰 자판.cpp">
      <Filter>StringSearching</Filter>
    </ClCompile>
    <ClCompile Include="[BOJ_16924]십자가 찾기.cpp">
      <Filter>BrutetForce</Filter>
    </ClCompile>
    <ClCompile Include="[BOJ_16936]나3곱2.cpp">
      <Filter>BrutetForce</Filter>
    </ClCompile>
    <ClCompile Include="[BOJ_16937]두 스티커.cpp">
      <Filter>BrutetForce</Filter>
    </ClCompile>
    <ClCompile Include="[BOJ_16938]캠프 준비.cpp">
      <Filter>BrutetForce</Filter>
    </ClCompile>
    <ClCompile Include="[BOJ_6549]히스토그램에서 가장 큰 직사각형.cpp">
      <Filter>BrutetForce</Filter>
    </ClCompile>
    <ClCompile Include="[BOJ_3015]오아시스 재결합.cpp">
      <Filter>BrutetForce</Filter>
    </ClCompile>
    <ClCompile Include="[BOJ_3780]네트워크 연결.cpp">
      <Filter>DataInstuction</Filter>
    </ClCompile>
    <ClCompile Include="[BOJ_11279]최대 힙.cpp">
      <Filter>DataInstuction</Filter>
    </ClCompile>
    <ClCompile Include="[BOJ_1927]최소 힙.cpp">
      <Filter>DataInstuction</Filter>
    </ClCompile>
    <ClCompile Include="[BOJ_1655]가운데를 말해요.cpp">
      <Filter>DataInstuction</Filter>
    </ClCompile>
    <ClCompile Include="[BOJ_7785]회사에 있는 사람.cpp">
      <Filter>StringSearching</Filter>
    </ClCompile>
    <ClCompile Include="[BOJ_1764]듣보잡%28이진탐색%29.cpp">
      <Filter>StringSearching</Filter>
    </ClCompile>
    <ClCompile Include="[BOJ_1764]듣보잡%28해시%29.cpp">
      <Filter>StringSearching</Filter>
    </ClCompile>
    <ClCompile Include="[BOJ_1764]듣보잡%28set%29.cpp">
      <Filter>StringSearching</Filter>
    </ClCompile>
    <ClCompile Include="[BOJ_1764]듣보잡%28map%29.cpp">
      <Filter>StringSearching</Filter>
    </ClCompile>
    <ClCompile Include="[BOJ_1764]듣보잡%28투포인터%29.cpp">
      <Filter>StringSearching</Filter>
    </ClCompile>
    <ClCompile Include="[BOJ_2960]에라토스테네스의 체.cpp">
      <Filter>Math</Filter>
    </ClCompile>
    <ClCompile Include="[BOJ_9250]문자열 집합 판별.cpp">
      <Filter>StringSearching</Filter>
    </ClCompile>
    <ClCompile Include="[BOJ_10256]돌연변이.cpp">
      <Filter>StringSearching</Filter>
    </ClCompile>
    <ClCompile Include="[BOJ_14426]접두사 찾기.cpp">
      <Filter>StringSearching</Filter>
    </ClCompile>
    <ClCompile Include="[BOJ_13505]두 수 XOR.cpp">
      <Filter>StringSearching</Filter>
    </ClCompile>
    <ClCompile Include="[BOJ_12104]순환 순열.cpp">
      <Filter>StringSearching</Filter>
    </ClCompile>
    <ClCompile Include="에라토스테네스의 체.cpp">
      <Filter>ReferenceCode</Filter>
    </ClCompile>
  </ItemGroup>
  <ItemGroup>
    <Filter Include="StringSearching">
      <UniqueIdentifier>{41f619d3-231b-48db-a7c0-9af68886bc2b}</UniqueIdentifier>
    </Filter>
    <Filter Include="BFS">
      <UniqueIdentifier>{bb918cda-04a3-42ab-8b8a-94570a0f7db6}</UniqueIdentifier>
    </Filter>
    <Filter Include="BrutetForce">
      <UniqueIdentifier>{06fd8675-c6f6-4ede-99b7-bf4a6c7332b1}</UniqueIdentifier>
    </Filter>
    <Filter Include="BrutetForce\NandM">
      <UniqueIdentifier>{5ad56e0b-b778-4f5d-9e90-bc813a959027}</UniqueIdentifier>
    </Filter>
    <Filter Include="BackTracking">
      <UniqueIdentifier>{be310a11-6f58-4ab6-a017-71a138a346e5}</UniqueIdentifier>
    </Filter>
    <Filter Include="DataInstuction">
      <UniqueIdentifier>{b200ede2-cca0-49a9-b183-c35f05602c48}</UniqueIdentifier>
    </Filter>
    <Filter Include="Math">
      <UniqueIdentifier>{98671371-7869-42f9-8982-db879dbc1167}</UniqueIdentifier>
    </Filter>
    <Filter Include="ReferenceCode">
      <UniqueIdentifier>{b2d39777-5219-4f9d-97b3-eedb41efabb9}</UniqueIdentifier>
    </Filter>
  </ItemGroup>
</Project>